
Microsoft Visual Studio Solution File, Format Version 12.00
# Visual Studio Version 17
VisualStudioVersion = 17.5.33424.131
MinimumVisualStudioVersion = 10.0.40219.1
Project("{8BC9CEB8-8B4A-11D0-8D11-00A0C91BC942}") = "단러닝 예제문제", "단러닝 예제문제.vcxproj", "{D9AADFE4-F8F9-4150-92EA-86AC5AB899C3}"
EndProject
Global
	GlobalSection(SolutionConfigurationPlatforms) = preSolution
		Debug|x64 = Debug|x64
		Debug|x86 = Debug|x86
		Release|x64 = Release|x64
		Release|x86 = Release|x86
	EndGlobalSection
	GlobalSection(ProjectConfigurationPlatforms) = postSolution
		{D9AADFE4-F8F9-4150-92EA-86AC5AB899C3}.Debug|x64.ActiveCfg = Debug|x64
		{D9AADFE4-F8F9-4150-92EA-86AC5AB899C3}.Debug|x64.Build.0 = Debug|x64
		{D9AADFE4-F8F9-4150-92EA-86AC5AB899C3}.Debug|x86.ActiveCfg = Debug|Win32
		{D9AADFE4-F8F9-4150-92EA-86AC5AB899C3}.Debug|x86.Build.0 = Debug|Win32
		{D9AADFE4-F8F9-4150-92EA-86AC5AB899C3}.Release|x64.ActiveCfg = Release|x64
		{D9AADFE4-F8F9-4150-92EA-86AC5AB899C3}.Release|x64.Build.0 = Release|x64
		{D9AADFE4-F8F9-4150-92EA-86AC5AB899C3}.Release|x86.ActiveCfg = Release|Win32
		{D9AADFE4-F8F9-4150-92EA-86AC5AB899C3}.Release|x86.Build.0 = Release|Win32
	EndGlobalSection
	GlobalSection(SolutionProperties) = preSolution
		HideSolutionNode = FALSE
	EndGlobalSection
	GlobalSection(ExtensibilityGlobals) = postSolution
		SolutionGuid = {7343442E-46C1-430B-B193-97CF3852291E}
	EndGlobalSection
EndGlobal
